<?xml version="1.0" encoding="UTF-8"?>
<!DOCTYPE plist PUBLIC "-//Apple//DTD PLIST 1.0//EN" "http://www.apple.com/DTDs/PropertyList-1.0.dtd">
<plist version="1.0">
<dict>
	<key>archiveVersion</key>
	<string>1</string>
	<key>classes</key>
	<dict/>
	<key>objectVersion</key>
	<string>46</string>
	<key>objects</key>
	<dict>
		<key>0B5537B7C74147F4B42AB5DE</key>
		<dict>
			<key>children</key>
			<array>
				<string>605FE6C41C50DCCC00C83E69</string>
				<string>605FE6C21C50DCC400C83E69</string>
				<string>605FE6C01C50DCB400C83E69</string>
				<string>605FE6BE1C50DCA500C83E69</string>
				<string>605FE6BC1C50DC9A00C83E69</string>
				<string>4F8674A5201A345DD7796FD1</string>
			</array>
			<key>isa</key>
			<string>PBXGroup</string>
			<key>name</key>
			<string>Frameworks</string>
			<key>sourceTree</key>
			<string>&lt;group&gt;</string>
		</dict>
		<key>4F8674A5201A345DD7796FD1</key>
		<dict>
			<key>explicitFileType</key>
			<string>wrapper.framework</string>
			<key>includeInIndex</key>
			<string>0</string>
			<key>isa</key>
			<string>PBXFileReference</string>
			<key>path</key>
			<string>Pods_TubeTrends.framework</string>
			<key>sourceTree</key>
			<string>BUILT_PRODUCTS_DIR</string>
		</dict>
		<key>6007AE571C5B2E3600FD8D0D</key>
		<dict>
			<key>fileEncoding</key>
			<string>4</string>
			<key>isa</key>
			<string>PBXFileReference</string>
			<key>lastKnownFileType</key>
			<string>sourcecode.swift</string>
			<key>path</key>
			<string>RootViewController.swift</string>
			<key>sourceTree</key>
			<string>&lt;group&gt;</string>
		</dict>
		<key>6007AE581C5B2E3600FD8D0D</key>
		<dict>
			<key>fileRef</key>
			<string>6007AE571C5B2E3600FD8D0D</string>
			<key>isa</key>
			<string>PBXBuildFile</string>
		</dict>
		<key>605FE6931C4E97B600C83E69</key>
		<dict>
			<key>children</key>
			<array>
				<string>605FE69F1C50DAB900C83E69</string>
				<string>605FE69C1C50DA7400C83E69</string>
				<string>605FE6941C4F735600C83E69</string>
				<string>605FE6CA1C5487FD00C83E69</string>
				<string>605FE6CC1C54881200C83E69</string>
			</array>
			<key>isa</key>
			<string>PBXGroup</string>
			<key>name</key>
			<string>VideoPlayer</string>
			<key>sourceTree</key>
			<string>&lt;group&gt;</string>
		</dict>
		<key>605FE6941C4F735600C83E69</key>
		<dict>
			<key>fileEncoding</key>
			<string>4</string>
			<key>isa</key>
			<string>PBXFileReference</string>
			<key>lastKnownFileType</key>
			<string>sourcecode.swift</string>
			<key>name</key>
			<string>VideoDetailViewController.swift</string>
			<key>path</key>
			<string>VideoPlayer/VideoDetailViewController.swift</string>
			<key>sourceTree</key>
			<string>&lt;group&gt;</string>
		</dict>
		<key>605FE6951C4F735600C83E69</key>
		<dict>
			<key>fileRef</key>
			<string>605FE6941C4F735600C83E69</string>
			<key>isa</key>
			<string>PBXBuildFile</string>
		</dict>
		<key>605FE69C1C50DA7400C83E69</key>
		<dict>
			<key>fileEncoding</key>
			<string>4</string>
			<key>isa</key>
			<string>PBXFileReference</string>
			<key>lastKnownFileType</key>
			<string>sourcecode.swift</string>
			<key>name</key>
			<string>VideoPlayerControl.swift</string>
			<key>path</key>
			<string>VideoPlayer/VideoPlayerControl.swift</string>
			<key>sourceTree</key>
			<string>&lt;group&gt;</string>
		</dict>
		<key>605FE69E1C50DA7400C83E69</key>
		<dict>
			<key>fileRef</key>
			<string>605FE69C1C50DA7400C83E69</string>
			<key>isa</key>
			<string>PBXBuildFile</string>
		</dict>
		<key>605FE69F1C50DAB900C83E69</key>
		<dict>
			<key>fileEncoding</key>
			<string>4</string>
			<key>isa</key>
			<string>PBXFileReference</string>
			<key>lastKnownFileType</key>
			<string>sourcecode.swift</string>
			<key>name</key>
			<string>VideoPlayerViewController.swift</string>
			<key>path</key>
			<string>VideoPlayer/VideoPlayerViewController.swift</string>
			<key>sourceTree</key>
			<string>&lt;group&gt;</string>
		</dict>
		<key>605FE6A01C50DAB900C83E69</key>
		<dict>
			<key>fileRef</key>
			<string>605FE69F1C50DAB900C83E69</string>
			<key>isa</key>
			<string>PBXBuildFile</string>
		</dict>
		<key>605FE6AA1C50DB6C00C83E69</key>
		<dict>
			<key>fileEncoding</key>
			<string>4</string>
			<key>isa</key>
			<string>PBXFileReference</string>
			<key>lastKnownFileType</key>
			<string>sourcecode.swift</string>
			<key>path</key>
			<string>TubeTrends.swift</string>
			<key>sourceTree</key>
			<string>&lt;group&gt;</string>
		</dict>
		<key>605FE6AB1C50DB6C00C83E69</key>
		<dict>
			<key>fileRef</key>
			<string>605FE6AA1C50DB6C00C83E69</string>
			<key>isa</key>
			<string>PBXBuildFile</string>
		</dict>
		<key>605FE6AC1C50DBCB00C83E69</key>
		<dict>
			<key>isa</key>
			<string>PBXFileReference</string>
			<key>lastKnownFileType</key>
			<string>sourcecode.c.h</string>
			<key>path</key>
			<string>TubeTrends-Bridging-Header.h</string>
			<key>sourceTree</key>
			<string>&lt;group&gt;</string>
		</dict>
		<key>605FE6B01C50DC4E00C83E69</key>
		<dict>
			<key>children</key>
			<array>
				<string>605FE6B11C50DC4E00C83E69</string>
				<string>605FE6B21C50DC4E00C83E69</string>
				<string>6090A23B1C799D9E00D282F1</string>
			</array>
			<key>isa</key>
			<string>PBXGroup</string>
			<key>path</key>
			<string>Extensions</string>
			<key>sourceTree</key>
			<string>&lt;group&gt;</string>
		</dict>
		<key>605FE6B11C50DC4E00C83E69</key>
		<dict>
			<key>fileEncoding</key>
			<string>4</string>
			<key>isa</key>
			<string>PBXFileReference</string>
			<key>lastKnownFileType</key>
			<string>sourcecode.swift</string>
			<key>path</key>
			<string>NSObjectRegisterObserver.swift</string>
			<key>sourceTree</key>
			<string>&lt;group&gt;</string>
		</dict>
		<key>605FE6B21C50DC4E00C83E69</key>
		<dict>
			<key>fileEncoding</key>
			<string>4</string>
			<key>isa</key>
			<string>PBXFileReference</string>
			<key>lastKnownFileType</key>
			<string>sourcecode.swift</string>
			<key>path</key>
			<string>UIView+Border.swift</string>
			<key>sourceTree</key>
			<string>&lt;group&gt;</string>
		</dict>
		<key>605FE6B31C50DC4E00C83E69</key>
		<dict>
			<key>children</key>
			<array>
				<string>605FE6B41C50DC4E00C83E69</string>
				<string>605FE6B51C50DC4E00C83E69</string>
				<string>605FE6B61C50DC4E00C83E69</string>
			</array>
			<key>isa</key>
			<string>PBXGroup</string>
			<key>path</key>
			<string>Libraries</string>
			<key>sourceTree</key>
			<string>&lt;group&gt;</string>
		</dict>
		<key>605FE6B41C50DC4E00C83E69</key>
		<dict>
			<key>fileEncoding</key>
			<string>4</string>
			<key>isa</key>
			<string>PBXFileReference</string>
			<key>lastKnownFileType</key>
			<string>sourcecode.swift</string>
			<key>path</key>
			<string>BottomMenuView.swift</string>
			<key>sourceTree</key>
			<string>&lt;group&gt;</string>
		</dict>
		<key>605FE6B51C50DC4E00C83E69</key>
		<dict>
			<key>fileEncoding</key>
			<string>4</string>
			<key>isa</key>
			<string>PBXFileReference</string>
			<key>lastKnownFileType</key>
			<string>sourcecode.swift</string>
			<key>path</key>
			<string>PopUpViewController.swift</string>
			<key>sourceTree</key>
			<string>&lt;group&gt;</string>
		</dict>
		<key>605FE6B61C50DC4E00C83E69</key>
		<dict>
			<key>fileEncoding</key>
			<string>4</string>
			<key>isa</key>
			<string>PBXFileReference</string>
			<key>lastKnownFileType</key>
			<string>sourcecode.swift</string>
			<key>path</key>
			<string>SlidingMenuController.swift</string>
			<key>sourceTree</key>
			<string>&lt;group&gt;</string>
		</dict>
		<key>605FE6B71C50DC4E00C83E69</key>
		<dict>
			<key>fileRef</key>
			<string>605FE6B11C50DC4E00C83E69</string>
			<key>isa</key>
			<string>PBXBuildFile</string>
		</dict>
		<key>605FE6B81C50DC4E00C83E69</key>
		<dict>
			<key>fileRef</key>
			<string>605FE6B21C50DC4E00C83E69</string>
			<key>isa</key>
			<string>PBXBuildFile</string>
		</dict>
		<key>605FE6B91C50DC4E00C83E69</key>
		<dict>
			<key>fileRef</key>
			<string>605FE6B41C50DC4E00C83E69</string>
			<key>isa</key>
			<string>PBXBuildFile</string>
		</dict>
		<key>605FE6BA1C50DC4E00C83E69</key>
		<dict>
			<key>fileRef</key>
			<string>605FE6B51C50DC4E00C83E69</string>
			<key>isa</key>
			<string>PBXBuildFile</string>
		</dict>
		<key>605FE6BB1C50DC4E00C83E69</key>
		<dict>
			<key>fileRef</key>
			<string>605FE6B61C50DC4E00C83E69</string>
			<key>isa</key>
			<string>PBXBuildFile</string>
		</dict>
		<key>605FE6BC1C50DC9A00C83E69</key>
		<dict>
			<key>isa</key>
			<string>PBXFileReference</string>
			<key>lastKnownFileType</key>
			<string>sourcecode.text-based-dylib-definition</string>
			<key>name</key>
			<string>libz.tbd</string>
			<key>path</key>
			<string>usr/lib/libz.tbd</string>
			<key>sourceTree</key>
			<string>SDKROOT</string>
		</dict>
		<key>605FE6BE1C50DCA500C83E69</key>
		<dict>
			<key>isa</key>
			<string>PBXFileReference</string>
			<key>lastKnownFileType</key>
			<string>sourcecode.text-based-dylib-definition</string>
			<key>name</key>
			<string>libiconv.tbd</string>
			<key>path</key>
			<string>usr/lib/libiconv.tbd</string>
			<key>sourceTree</key>
			<string>SDKROOT</string>
		</dict>
		<key>605FE6C01C50DCB400C83E69</key>
		<dict>
			<key>isa</key>
			<string>PBXFileReference</string>
			<key>lastKnownFileType</key>
			<string>sourcecode.text-based-dylib-definition</string>
			<key>name</key>
			<string>libbz2.tbd</string>
			<key>path</key>
			<string>usr/lib/libbz2.tbd</string>
			<key>sourceTree</key>
			<string>SDKROOT</string>
		</dict>
		<key>605FE6C21C50DCC400C83E69</key>
		<dict>
			<key>isa</key>
			<string>PBXFileReference</string>
			<key>lastKnownFileType</key>
			<string>wrapper.framework</string>
			<key>name</key>
			<string>VideoToolbox.framework</string>
			<key>path</key>
			<string>System/Library/Frameworks/VideoToolbox.framework</string>
			<key>sourceTree</key>
			<string>SDKROOT</string>
		</dict>
		<key>605FE6C31C50DCC400C83E69</key>
		<dict>
			<key>fileRef</key>
			<string>605FE6C21C50DCC400C83E69</string>
			<key>isa</key>
			<string>PBXBuildFile</string>
		</dict>
		<key>605FE6C41C50DCCC00C83E69</key>
		<dict>
			<key>isa</key>
			<string>PBXFileReference</string>
			<key>lastKnownFileType</key>
			<string>wrapper.framework</string>
			<key>name</key>
			<string>CoreGraphics.framework</string>
			<key>path</key>
			<string>System/Library/Frameworks/CoreGraphics.framework</string>
			<key>sourceTree</key>
			<string>SDKROOT</string>
		</dict>
		<key>605FE6C51C50DCCC00C83E69</key>
		<dict>
			<key>fileRef</key>
			<string>605FE6C41C50DCCC00C83E69</string>
			<key>isa</key>
			<string>PBXBuildFile</string>
		</dict>
		<key>605FE6C61C514A1600C83E69</key>
		<dict>
			<key>children</key>
			<array>
				<string>605FE6C71C514A1600C83E69</string>
				<string>605FE6C81C514A1600C83E69</string>
			</array>
			<key>isa</key>
			<string>PBXGroup</string>
			<key>path</key>
			<string>Categories</string>
			<key>sourceTree</key>
			<string>&lt;group&gt;</string>
		</dict>
		<key>605FE6C71C514A1600C83E69</key>
		<dict>
			<key>fileEncoding</key>
			<string>4</string>
			<key>isa</key>
			<string>PBXFileReference</string>
			<key>lastKnownFileType</key>
			<string>sourcecode.c.h</string>
			<key>path</key>
			<string>MPMoviePlayerController+BackgroundPlayback.h</string>
			<key>sourceTree</key>
			<string>&lt;group&gt;</string>
		</dict>
		<key>605FE6C81C514A1600C83E69</key>
		<dict>
			<key>fileEncoding</key>
			<string>4</string>
			<key>isa</key>
			<string>PBXFileReference</string>
			<key>lastKnownFileType</key>
			<string>sourcecode.c.objc</string>
			<key>path</key>
			<string>MPMoviePlayerController+BackgroundPlayback.m</string>
			<key>sourceTree</key>
			<string>&lt;group&gt;</string>
		</dict>
		<key>605FE6C91C514A1600C83E69</key>
		<dict>
			<key>fileRef</key>
			<string>605FE6C81C514A1600C83E69</string>
			<key>isa</key>
			<string>PBXBuildFile</string>
		</dict>
		<key>605FE6CA1C5487FD00C83E69</key>
		<dict>
			<key>fileEncoding</key>
			<string>4</string>
			<key>isa</key>
			<string>PBXFileReference</string>
			<key>lastKnownFileType</key>
			<string>sourcecode.swift</string>
			<key>name</key>
			<string>VideoDetailView.swift</string>
			<key>path</key>
			<string>VideoPlayer/VideoDetailView.swift</string>
			<key>sourceTree</key>
			<string>&lt;group&gt;</string>
		</dict>
		<key>605FE6CB1C5487FE00C83E69</key>
		<dict>
			<key>fileRef</key>
			<string>605FE6CA1C5487FD00C83E69</string>
			<key>isa</key>
			<string>PBXBuildFile</string>
		</dict>
		<key>605FE6CC1C54881200C83E69</key>
		<dict>
			<key>fileEncoding</key>
			<string>4</string>
			<key>isa</key>
			<string>PBXFileReference</string>
			<key>lastKnownFileType</key>
			<string>file.xib</string>
			<key>name</key>
			<string>VideoDetailView.xib</string>
			<key>path</key>
			<string>VideoPlayer/VideoDetailView.xib</string>
			<key>sourceTree</key>
			<string>&lt;group&gt;</string>
		</dict>
		<key>605FE6CD1C54881200C83E69</key>
		<dict>
			<key>fileRef</key>
			<string>605FE6CC1C54881200C83E69</string>
			<key>isa</key>
			<string>PBXBuildFile</string>
		</dict>
		<key>60664D2B1C4BE06A00D2F8E4</key>
		<dict>
			<key>children</key>
			<array>
				<string>605FE6C61C514A1600C83E69</string>
				<string>605FE6B01C50DC4E00C83E69</string>
				<string>605FE6B31C50DC4E00C83E69</string>
				<string>606CAD891C4E025B002CD770</string>
				<string>60664D361C4BE06A00D2F8E4</string>
				<string>60664D4B1C4BE06B00D2F8E4</string>
				<string>60664D351C4BE06A00D2F8E4</string>
				<string>0B5537B7C74147F4B42AB5DE</string>
				<string>AFE177829433B548DDB5F16C</string>
			</array>
			<key>isa</key>
			<string>PBXGroup</string>
			<key>sourceTree</key>
			<string>&lt;group&gt;</string>
		</dict>
		<key>60664D2C1C4BE06A00D2F8E4</key>
		<dict>
			<key>attributes</key>
			<dict>
				<key>LastSwiftUpdateCheck</key>
				<string>0720</string>
				<key>LastUpgradeCheck</key>
				<string>0720</string>
				<key>ORGANIZATIONNAME</key>
				<string>V2T Multimedia</string>
				<key>TargetAttributes</key>
				<dict>
					<key>60664D331C4BE06A00D2F8E4</key>
					<dict>
						<key>CreatedOnToolsVersion</key>
						<string>7.2</string>
						<key>SystemCapabilities</key>
						<dict>
							<key>com.apple.BackgroundModes</key>
							<dict>
								<key>enabled</key>
								<string>1</string>
							</dict>
						</dict>
					</dict>
					<key>60664D471C4BE06B00D2F8E4</key>
					<dict>
						<key>CreatedOnToolsVersion</key>
						<string>7.2</string>
						<key>TestTargetID</key>
						<string>60664D331C4BE06A00D2F8E4</string>
					</dict>
				</dict>
			</dict>
			<key>buildConfigurationList</key>
			<string>60664D2F1C4BE06A00D2F8E4</string>
			<key>compatibilityVersion</key>
			<string>Xcode 3.2</string>
			<key>developmentRegion</key>
			<string>English</string>
			<key>hasScannedForEncodings</key>
			<string>0</string>
			<key>isa</key>
			<string>PBXProject</string>
			<key>knownRegions</key>
			<array>
				<string>en</string>
				<string>Base</string>
			</array>
			<key>mainGroup</key>
			<string>60664D2B1C4BE06A00D2F8E4</string>
			<key>productRefGroup</key>
			<string>60664D351C4BE06A00D2F8E4</string>
			<key>projectDirPath</key>
			<string></string>
			<key>projectReferences</key>
			<array/>
			<key>projectRoot</key>
			<string></string>
			<key>targets</key>
			<array>
				<string>60664D331C4BE06A00D2F8E4</string>
				<string>60664D471C4BE06B00D2F8E4</string>
			</array>
		</dict>
		<key>60664D2F1C4BE06A00D2F8E4</key>
		<dict>
			<key>buildConfigurations</key>
			<array>
				<string>60664D4F1C4BE06B00D2F8E4</string>
				<string>60664D501C4BE06B00D2F8E4</string>
			</array>
			<key>defaultConfigurationIsVisible</key>
			<string>0</string>
			<key>defaultConfigurationName</key>
			<string>Release</string>
			<key>isa</key>
			<string>XCConfigurationList</string>
		</dict>
		<key>60664D301C4BE06A00D2F8E4</key>
		<dict>
			<key>buildActionMask</key>
			<string>2147483647</string>
			<key>files</key>
			<array>
				<string>605FE6951C4F735600C83E69</string>
				<string>606CAD951C4E025B002CD770</string>
				<string>608216FB1C748DD400B3DC2C</string>
				<string>606792AA1C610C9100A71516</string>
				<string>6090A2461C79CB9F00D282F1</string>
				<string>605FE69E1C50DA7400C83E69</string>
				<string>608216F81C7484F900B3DC2C</string>
				<string>606CADA71C4E4437002CD770</string>
				<string>60C22F621C7375EF00E7E75C</string>
				<string>606CAD9E1C4E3B61002CD770</string>
				<string>6090A24C1C79EFE800D282F1</string>
				<string>606CADA51C4E4115002CD770</string>
				<string>6090A2411C79A31F00D282F1</string>
				<string>605FE6B91C50DC4E00C83E69</string>
				<string>60664D3A1C4BE06A00D2F8E4</string>
				<string>60C22F601C7375D300E7E75C</string>
				<string>605FE6A01C50DAB900C83E69</string>
				<string>6090A23F1C79A0B100D282F1</string>
				<string>605FE6BB1C50DC4E00C83E69</string>
				<string>606CAD991C4E025B002CD770</string>
				<string>605FE6C91C514A1600C83E69</string>
				<string>605FE6AB1C50DB6C00C83E69</string>
				<string>606CAD9B1C4E025B002CD770</string>
				<string>606CAD971C4E025B002CD770</string>
				<string>6090A2451C79CB9F00D282F1</string>
				<string>606CADA21C4E3FCF002CD770</string>
				<string>606792A81C610B6700A71516</string>
				<string>6099E35F1C5A14B70029A388</string>
				<string>606CADA01C4E3EF0002CD770</string>
				<string>60C22F5D1C721D1800E7E75C</string>
				<string>605FE6B71C50DC4E00C83E69</string>
				<string>605FE6CB1C5487FE00C83E69</string>
				<string>6090A23C1C799D9E00D282F1</string>
				<string>6090A2481C79CBFA00D282F1</string>
				<string>6007AE581C5B2E3600FD8D0D</string>
				<string>605FE6BA1C50DC4E00C83E69</string>
				<string>606CAD961C4E025B002CD770</string>
				<string>606CAD941C4E025B002CD770</string>
				<string>606CAD981C4E025B002CD770</string>
				<string>605FE6B81C50DC4E00C83E69</string>
				<string>606F661A1C4E808600D69055</string>
				<string>6090A24E1C7A0A3C00D282F1</string>
				<string>60664D381C4BE06A00D2F8E4</string>
				<string>606CAD9A1C4E025B002CD770</string>
				<string>606CAD931C4E025B002CD770</string>
				<string>606F661C1C4E809F00D69055</string>
			</array>
			<key>isa</key>
			<string>PBXSourcesBuildPhase</string>
			<key>runOnlyForDeploymentPostprocessing</key>
			<string>0</string>
		</dict>
		<key>60664D311C4BE06A00D2F8E4</key>
		<dict>
			<key>buildActionMask</key>
			<string>2147483647</string>
			<key>files</key>
			<array>
				<string>605FE6C51C50DCCC00C83E69</string>
				<string>605FE6C31C50DCC400C83E69</string>
				<string>D2C47310870EB66BBE5DE4E7</string>
			</array>
			<key>isa</key>
			<string>PBXFrameworksBuildPhase</string>
			<key>runOnlyForDeploymentPostprocessing</key>
			<string>0</string>
		</dict>
		<key>60664D321C4BE06A00D2F8E4</key>
		<dict>
			<key>buildActionMask</key>
			<string>2147483647</string>
			<key>files</key>
			<array>
				<string>60664D421C4BE06A00D2F8E4</string>
				<string>605FE6CD1C54881200C83E69</string>
				<string>60664D3F1C4BE06A00D2F8E4</string>
				<string>60664D3D1C4BE06A00D2F8E4</string>
			</array>
			<key>isa</key>
			<string>PBXResourcesBuildPhase</string>
			<key>runOnlyForDeploymentPostprocessing</key>
			<string>0</string>
		</dict>
		<key>60664D331C4BE06A00D2F8E4</key>
		<dict>
			<key>buildConfigurationList</key>
			<string>60664D511C4BE06B00D2F8E4</string>
			<key>buildPhases</key>
			<array>
				<string>87205029697D7AEB2484F7A5</string>
				<string>60664D301C4BE06A00D2F8E4</string>
				<string>60664D311C4BE06A00D2F8E4</string>
				<string>60664D321C4BE06A00D2F8E4</string>
				<string>963C8CDE9E2AC9461B3DF4F5</string>
				<string>788CD8FE1725E5783F651D8B</string>
			</array>
			<key>buildRules</key>
			<array/>
			<key>dependencies</key>
			<array/>
			<key>isa</key>
			<string>PBXNativeTarget</string>
			<key>name</key>
			<string>TubeTrends</string>
			<key>productName</key>
			<string>TubeTrends</string>
			<key>productReference</key>
			<string>60664D341C4BE06A00D2F8E4</string>
			<key>productType</key>
			<string>com.apple.product-type.application</string>
		</dict>
		<key>60664D341C4BE06A00D2F8E4</key>
		<dict>
			<key>explicitFileType</key>
			<string>wrapper.application</string>
			<key>includeInIndex</key>
			<string>0</string>
			<key>isa</key>
			<string>PBXFileReference</string>
			<key>path</key>
			<string>TubeTrends.app</string>
			<key>sourceTree</key>
			<string>BUILT_PRODUCTS_DIR</string>
		</dict>
		<key>60664D351C4BE06A00D2F8E4</key>
		<dict>
			<key>children</key>
			<array>
				<string>60664D341C4BE06A00D2F8E4</string>
				<string>60664D481C4BE06B00D2F8E4</string>
			</array>
			<key>isa</key>
			<string>PBXGroup</string>
			<key>name</key>
			<string>Products</string>
			<key>sourceTree</key>
			<string>&lt;group&gt;</string>
		</dict>
		<key>60664D361C4BE06A00D2F8E4</key>
		<dict>
			<key>children</key>
			<array>
				<string>6090A2421C79CB9F00D282F1</string>
				<string>6090A23D1C79A08400D282F1</string>
				<string>608216F91C748D8E00B3DC2C</string>
				<string>60C22F5E1C7375A500E7E75C</string>
				<string>606792A61C610B2900A71516</string>
				<string>6099E35D1C5A14470029A388</string>
				<string>605FE6931C4E97B600C83E69</string>
				<string>606F66181C4E805500D69055</string>
				<string>606CADA31C4E40C7002CD770</string>
				<string>606CAD9C1C4E3B3A002CD770</string>
				<string>60664D371C4BE06A00D2F8E4</string>
				<string>60664D391C4BE06A00D2F8E4</string>
				<string>60664D3B1C4BE06A00D2F8E4</string>
				<string>60664D3E1C4BE06A00D2F8E4</string>
				<string>60664D401C4BE06A00D2F8E4</string>
				<string>60664D431C4BE06A00D2F8E4</string>
				<string>605FE6AA1C50DB6C00C83E69</string>
				<string>605FE6AC1C50DBCB00C83E69</string>
				<string>6007AE571C5B2E3600FD8D0D</string>
				<string>60C22F5C1C721D1800E7E75C</string>
				<string>608216F71C7484F900B3DC2C</string>
				<string>6090A24B1C79EFE800D282F1</string>
			</array>
			<key>isa</key>
			<string>PBXGroup</string>
			<key>path</key>
			<string>TubeTrends</string>
			<key>sourceTree</key>
			<string>&lt;group&gt;</string>
		</dict>
		<key>60664D371C4BE06A00D2F8E4</key>
		<dict>
			<key>isa</key>
			<string>PBXFileReference</string>
			<key>lastKnownFileType</key>
			<string>sourcecode.swift</string>
			<key>path</key>
			<string>AppDelegate.swift</string>
			<key>sourceTree</key>
			<string>&lt;group&gt;</string>
		</dict>
		<key>60664D381C4BE06A00D2F8E4</key>
		<dict>
			<key>fileRef</key>
			<string>60664D371C4BE06A00D2F8E4</string>
			<key>isa</key>
			<string>PBXBuildFile</string>
		</dict>
		<key>60664D391C4BE06A00D2F8E4</key>
		<dict>
			<key>isa</key>
			<string>PBXFileReference</string>
			<key>lastKnownFileType</key>
			<string>sourcecode.swift</string>
			<key>path</key>
			<string>MainViewController.swift</string>
			<key>sourceTree</key>
			<string>&lt;group&gt;</string>
		</dict>
		<key>60664D3A1C4BE06A00D2F8E4</key>
		<dict>
			<key>fileRef</key>
			<string>60664D391C4BE06A00D2F8E4</string>
			<key>isa</key>
			<string>PBXBuildFile</string>
		</dict>
		<key>60664D3B1C4BE06A00D2F8E4</key>
		<dict>
			<key>children</key>
			<array>
				<string>60664D3C1C4BE06A00D2F8E4</string>
			</array>
			<key>isa</key>
			<string>PBXVariantGroup</string>
			<key>name</key>
			<string>Main.storyboard</string>
			<key>sourceTree</key>
			<string>&lt;group&gt;</string>
		</dict>
		<key>60664D3C1C4BE06A00D2F8E4</key>
		<dict>
			<key>isa</key>
			<string>PBXFileReference</string>
			<key>lastKnownFileType</key>
			<string>file.storyboard</string>
			<key>name</key>
			<string>Base</string>
			<key>path</key>
			<string>Base.lproj/Main.storyboard</string>
			<key>sourceTree</key>
			<string>&lt;group&gt;</string>
		</dict>
		<key>60664D3D1C4BE06A00D2F8E4</key>
		<dict>
			<key>fileRef</key>
			<string>60664D3B1C4BE06A00D2F8E4</string>
			<key>isa</key>
			<string>PBXBuildFile</string>
		</dict>
		<key>60664D3E1C4BE06A00D2F8E4</key>
		<dict>
			<key>isa</key>
			<string>PBXFileReference</string>
			<key>lastKnownFileType</key>
			<string>folder.assetcatalog</string>
			<key>path</key>
			<string>Assets.xcassets</string>
			<key>sourceTree</key>
			<string>&lt;group&gt;</string>
		</dict>
		<key>60664D3F1C4BE06A00D2F8E4</key>
		<dict>
			<key>fileRef</key>
			<string>60664D3E1C4BE06A00D2F8E4</string>
			<key>isa</key>
			<string>PBXBuildFile</string>
		</dict>
		<key>60664D401C4BE06A00D2F8E4</key>
		<dict>
			<key>children</key>
			<array>
				<string>60664D411C4BE06A00D2F8E4</string>
			</array>
			<key>isa</key>
			<string>PBXVariantGroup</string>
			<key>name</key>
			<string>LaunchScreen.storyboard</string>
			<key>sourceTree</key>
			<string>&lt;group&gt;</string>
		</dict>
		<key>60664D411C4BE06A00D2F8E4</key>
		<dict>
			<key>isa</key>
			<string>PBXFileReference</string>
			<key>lastKnownFileType</key>
			<string>file.storyboard</string>
			<key>name</key>
			<string>Base</string>
			<key>path</key>
			<string>Base.lproj/LaunchScreen.storyboard</string>
			<key>sourceTree</key>
			<string>&lt;group&gt;</string>
		</dict>
		<key>60664D421C4BE06A00D2F8E4</key>
		<dict>
			<key>fileRef</key>
			<string>60664D401C4BE06A00D2F8E4</string>
			<key>isa</key>
			<string>PBXBuildFile</string>
		</dict>
		<key>60664D431C4BE06A00D2F8E4</key>
		<dict>
			<key>isa</key>
			<string>PBXFileReference</string>
			<key>lastKnownFileType</key>
			<string>text.plist.xml</string>
			<key>path</key>
			<string>Info.plist</string>
			<key>sourceTree</key>
			<string>&lt;group&gt;</string>
		</dict>
		<key>60664D441C4BE06B00D2F8E4</key>
		<dict>
			<key>buildActionMask</key>
			<string>2147483647</string>
			<key>files</key>
			<array>
				<string>60664D4D1C4BE06B00D2F8E4</string>
			</array>
			<key>isa</key>
			<string>PBXSourcesBuildPhase</string>
			<key>runOnlyForDeploymentPostprocessing</key>
			<string>0</string>
		</dict>
		<key>60664D451C4BE06B00D2F8E4</key>
		<dict>
			<key>buildActionMask</key>
			<string>2147483647</string>
			<key>files</key>
			<array/>
			<key>isa</key>
			<string>PBXFrameworksBuildPhase</string>
			<key>runOnlyForDeploymentPostprocessing</key>
			<string>0</string>
		</dict>
		<key>60664D461C4BE06B00D2F8E4</key>
		<dict>
			<key>buildActionMask</key>
			<string>2147483647</string>
			<key>files</key>
			<array/>
			<key>isa</key>
			<string>PBXResourcesBuildPhase</string>
			<key>runOnlyForDeploymentPostprocessing</key>
			<string>0</string>
		</dict>
		<key>60664D471C4BE06B00D2F8E4</key>
		<dict>
			<key>buildConfigurationList</key>
			<string>60664D541C4BE06B00D2F8E4</string>
			<key>buildPhases</key>
			<array>
				<string>60664D441C4BE06B00D2F8E4</string>
				<string>60664D451C4BE06B00D2F8E4</string>
				<string>60664D461C4BE06B00D2F8E4</string>
			</array>
			<key>buildRules</key>
			<array/>
			<key>dependencies</key>
			<array>
				<string>60664D4A1C4BE06B00D2F8E4</string>
			</array>
			<key>isa</key>
			<string>PBXNativeTarget</string>
			<key>name</key>
			<string>TubeTrendsTests</string>
			<key>productName</key>
			<string>TubeTrendsTests</string>
			<key>productReference</key>
			<string>60664D481C4BE06B00D2F8E4</string>
			<key>productType</key>
			<string>com.apple.product-type.bundle.unit-test</string>
		</dict>
		<key>60664D481C4BE06B00D2F8E4</key>
		<dict>
			<key>explicitFileType</key>
			<string>wrapper.cfbundle</string>
			<key>includeInIndex</key>
			<string>0</string>
			<key>isa</key>
			<string>PBXFileReference</string>
			<key>path</key>
			<string>TubeTrendsTests.xctest</string>
			<key>sourceTree</key>
			<string>BUILT_PRODUCTS_DIR</string>
		</dict>
		<key>60664D491C4BE06B00D2F8E4</key>
		<dict>
			<key>containerPortal</key>
			<string>60664D2C1C4BE06A00D2F8E4</string>
			<key>isa</key>
			<string>PBXContainerItemProxy</string>
			<key>proxyType</key>
			<string>1</string>
			<key>remoteGlobalIDString</key>
			<string>60664D331C4BE06A00D2F8E4</string>
			<key>remoteInfo</key>
			<string>TubeTrends</string>
		</dict>
		<key>60664D4A1C4BE06B00D2F8E4</key>
		<dict>
			<key>isa</key>
			<string>PBXTargetDependency</string>
			<key>target</key>
			<string>60664D331C4BE06A00D2F8E4</string>
			<key>targetProxy</key>
			<string>60664D491C4BE06B00D2F8E4</string>
		</dict>
		<key>60664D4B1C4BE06B00D2F8E4</key>
		<dict>
			<key>children</key>
			<array>
				<string>60664D4C1C4BE06B00D2F8E4</string>
				<string>60664D4E1C4BE06B00D2F8E4</string>
			</array>
			<key>isa</key>
			<string>PBXGroup</string>
			<key>path</key>
			<string>TubeTrendsTests</string>
			<key>sourceTree</key>
			<string>&lt;group&gt;</string>
		</dict>
		<key>60664D4C1C4BE06B00D2F8E4</key>
		<dict>
			<key>isa</key>
			<string>PBXFileReference</string>
			<key>lastKnownFileType</key>
			<string>sourcecode.swift</string>
			<key>path</key>
			<string>TubeTrendsTests.swift</string>
			<key>sourceTree</key>
			<string>&lt;group&gt;</string>
		</dict>
		<key>60664D4D1C4BE06B00D2F8E4</key>
		<dict>
			<key>fileRef</key>
			<string>60664D4C1C4BE06B00D2F8E4</string>
			<key>isa</key>
			<string>PBXBuildFile</string>
		</dict>
		<key>60664D4E1C4BE06B00D2F8E4</key>
		<dict>
			<key>isa</key>
			<string>PBXFileReference</string>
			<key>lastKnownFileType</key>
			<string>text.plist.xml</string>
			<key>path</key>
			<string>Info.plist</string>
			<key>sourceTree</key>
			<string>&lt;group&gt;</string>
		</dict>
		<key>60664D4F1C4BE06B00D2F8E4</key>
		<dict>
			<key>buildSettings</key>
			<dict>
				<key>ALWAYS_SEARCH_USER_PATHS</key>
				<string>NO</string>
				<key>CLANG_CXX_LANGUAGE_STANDARD</key>
				<string>gnu++0x</string>
				<key>CLANG_CXX_LIBRARY</key>
				<string>libc++</string>
				<key>CLANG_ENABLE_MODULES</key>
				<string>YES</string>
				<key>CLANG_ENABLE_OBJC_ARC</key>
				<string>YES</string>
				<key>CLANG_WARN_BOOL_CONVERSION</key>
				<string>YES</string>
				<key>CLANG_WARN_CONSTANT_CONVERSION</key>
				<string>YES</string>
				<key>CLANG_WARN_DIRECT_OBJC_ISA_USAGE</key>
				<string>YES_ERROR</string>
				<key>CLANG_WARN_EMPTY_BODY</key>
				<string>YES</string>
				<key>CLANG_WARN_ENUM_CONVERSION</key>
				<string>YES</string>
				<key>CLANG_WARN_INT_CONVERSION</key>
				<string>YES</string>
				<key>CLANG_WARN_OBJC_ROOT_CLASS</key>
				<string>YES_ERROR</string>
				<key>CLANG_WARN_UNREACHABLE_CODE</key>
				<string>YES</string>
				<key>CLANG_WARN__DUPLICATE_METHOD_MATCH</key>
				<string>YES</string>
				<key>CODE_SIGN_IDENTITY[sdk=iphoneos*]</key>
				<string>iPhone Developer</string>
				<key>COPY_PHASE_STRIP</key>
				<string>NO</string>
				<key>DEBUG_INFORMATION_FORMAT</key>
				<string>dwarf</string>
				<key>ENABLE_STRICT_OBJC_MSGSEND</key>
				<string>YES</string>
				<key>ENABLE_TESTABILITY</key>
				<string>YES</string>
				<key>GCC_C_LANGUAGE_STANDARD</key>
				<string>gnu99</string>
				<key>GCC_DYNAMIC_NO_PIC</key>
				<string>NO</string>
				<key>GCC_NO_COMMON_BLOCKS</key>
				<string>YES</string>
				<key>GCC_OPTIMIZATION_LEVEL</key>
				<string>0</string>
				<key>GCC_PREPROCESSOR_DEFINITIONS</key>
				<array>
					<string>DEBUG=1</string>
					<string>$(inherited)</string>
				</array>
				<key>GCC_WARN_64_TO_32_BIT_CONVERSION</key>
				<string>YES</string>
				<key>GCC_WARN_ABOUT_RETURN_TYPE</key>
				<string>YES_ERROR</string>
				<key>GCC_WARN_UNDECLARED_SELECTOR</key>
				<string>YES</string>
				<key>GCC_WARN_UNINITIALIZED_AUTOS</key>
				<string>YES_AGGRESSIVE</string>
				<key>GCC_WARN_UNUSED_FUNCTION</key>
				<string>YES</string>
				<key>GCC_WARN_UNUSED_VARIABLE</key>
				<string>YES</string>
				<key>IPHONEOS_DEPLOYMENT_TARGET</key>
				<string>8.0</string>
				<key>MTL_ENABLE_DEBUG_INFO</key>
				<string>YES</string>
				<key>ONLY_ACTIVE_ARCH</key>
				<string>YES</string>
				<key>SDKROOT</key>
				<string>iphoneos</string>
				<key>SWIFT_OPTIMIZATION_LEVEL</key>
				<string>-Onone</string>
				<key>TARGETED_DEVICE_FAMILY</key>
				<string>1,2</string>
			</dict>
			<key>isa</key>
			<string>XCBuildConfiguration</string>
			<key>name</key>
			<string>Debug</string>
		</dict>
		<key>60664D501C4BE06B00D2F8E4</key>
		<dict>
			<key>buildSettings</key>
			<dict>
				<key>ALWAYS_SEARCH_USER_PATHS</key>
				<string>NO</string>
				<key>CLANG_CXX_LANGUAGE_STANDARD</key>
				<string>gnu++0x</string>
				<key>CLANG_CXX_LIBRARY</key>
				<string>libc++</string>
				<key>CLANG_ENABLE_MODULES</key>
				<string>YES</string>
				<key>CLANG_ENABLE_OBJC_ARC</key>
				<string>YES</string>
				<key>CLANG_WARN_BOOL_CONVERSION</key>
				<string>YES</string>
				<key>CLANG_WARN_CONSTANT_CONVERSION</key>
				<string>YES</string>
				<key>CLANG_WARN_DIRECT_OBJC_ISA_USAGE</key>
				<string>YES_ERROR</string>
				<key>CLANG_WARN_EMPTY_BODY</key>
				<string>YES</string>
				<key>CLANG_WARN_ENUM_CONVERSION</key>
				<string>YES</string>
				<key>CLANG_WARN_INT_CONVERSION</key>
				<string>YES</string>
				<key>CLANG_WARN_OBJC_ROOT_CLASS</key>
				<string>YES_ERROR</string>
				<key>CLANG_WARN_UNREACHABLE_CODE</key>
				<string>YES</string>
				<key>CLANG_WARN__DUPLICATE_METHOD_MATCH</key>
				<string>YES</string>
				<key>CODE_SIGN_IDENTITY[sdk=iphoneos*]</key>
				<string>iPhone Developer</string>
				<key>COPY_PHASE_STRIP</key>
				<string>NO</string>
				<key>DEBUG_INFORMATION_FORMAT</key>
				<string>dwarf-with-dsym</string>
				<key>ENABLE_NS_ASSERTIONS</key>
				<string>NO</string>
				<key>ENABLE_STRICT_OBJC_MSGSEND</key>
				<string>YES</string>
				<key>GCC_C_LANGUAGE_STANDARD</key>
				<string>gnu99</string>
				<key>GCC_NO_COMMON_BLOCKS</key>
				<string>YES</string>
				<key>GCC_WARN_64_TO_32_BIT_CONVERSION</key>
				<string>YES</string>
				<key>GCC_WARN_ABOUT_RETURN_TYPE</key>
				<string>YES_ERROR</string>
				<key>GCC_WARN_UNDECLARED_SELECTOR</key>
				<string>YES</string>
				<key>GCC_WARN_UNINITIALIZED_AUTOS</key>
				<string>YES_AGGRESSIVE</string>
				<key>GCC_WARN_UNUSED_FUNCTION</key>
				<string>YES</string>
				<key>GCC_WARN_UNUSED_VARIABLE</key>
				<string>YES</string>
				<key>IPHONEOS_DEPLOYMENT_TARGET</key>
				<string>8.0</string>
				<key>MTL_ENABLE_DEBUG_INFO</key>
				<string>NO</string>
				<key>SDKROOT</key>
				<string>iphoneos</string>
				<key>TARGETED_DEVICE_FAMILY</key>
				<string>1,2</string>
				<key>VALIDATE_PRODUCT</key>
				<string>YES</string>
			</dict>
			<key>isa</key>
			<string>XCBuildConfiguration</string>
			<key>name</key>
			<string>Release</string>
		</dict>
		<key>60664D511C4BE06B00D2F8E4</key>
		<dict>
			<key>buildConfigurations</key>
			<array>
				<string>60664D521C4BE06B00D2F8E4</string>
				<string>60664D531C4BE06B00D2F8E4</string>
			</array>
			<key>defaultConfigurationIsVisible</key>
			<string>0</string>
			<key>defaultConfigurationName</key>
			<string>Release</string>
			<key>isa</key>
			<string>XCConfigurationList</string>
		</dict>
		<key>60664D521C4BE06B00D2F8E4</key>
		<dict>
			<key>baseConfigurationReference</key>
			<string>929CFB70C70EECB3CCE5EADE</string>
			<key>buildSettings</key>
			<dict>
				<key>ASSETCATALOG_COMPILER_APPICON_NAME</key>
				<string>AppIcon</string>
				<key>CLANG_ENABLE_MODULES</key>
				<string>YES</string>
				<key>ENABLE_BITCODE</key>
				<string>NO</string>
				<key>FRAMEWORK_SEARCH_PATHS</key>
				<array>
					<string>$(inherited)</string>
					<string>$(PROJECT_DIR)/StartApp</string>
					<string>$(PROJECT_DIR)</string>
				</array>
				<key>INFOPLIST_FILE</key>
				<string>TubeTrends/Info.plist</string>
				<key>LD_RUNPATH_SEARCH_PATHS</key>
				<string>$(inherited) @executable_path/Frameworks</string>
				<key>PRODUCT_BUNDLE_IDENTIFIER</key>
				<string>mobi.v2t.ios.app.VideoTrends</string>
				<key>PRODUCT_NAME</key>
				<string>$(TARGET_NAME)</string>
				<key>SWIFT_OBJC_BRIDGING_HEADER</key>
				<string>TubeTrends/TubeTrends-Bridging-Header.h</string>
				<key>SWIFT_OPTIMIZATION_LEVEL</key>
				<string>-Onone</string>
			</dict>
			<key>isa</key>
			<string>XCBuildConfiguration</string>
			<key>name</key>
			<string>Debug</string>
		</dict>
		<key>60664D531C4BE06B00D2F8E4</key>
		<dict>
			<key>baseConfigurationReference</key>
			<string>E9292D542666793BD5B3A1BE</string>
			<key>buildSettings</key>
			<dict>
				<key>ASSETCATALOG_COMPILER_APPICON_NAME</key>
				<string>AppIcon</string>
				<key>CLANG_ENABLE_MODULES</key>
				<string>YES</string>
				<key>ENABLE_BITCODE</key>
				<string>NO</string>
				<key>FRAMEWORK_SEARCH_PATHS</key>
				<array>
					<string>$(inherited)</string>
					<string>$(PROJECT_DIR)/StartApp</string>
					<string>$(PROJECT_DIR)</string>
				</array>
				<key>INFOPLIST_FILE</key>
				<string>TubeTrends/Info.plist</string>
				<key>LD_RUNPATH_SEARCH_PATHS</key>
				<string>$(inherited) @executable_path/Frameworks</string>
				<key>PRODUCT_BUNDLE_IDENTIFIER</key>
				<string>mobi.v2t.ios.app.VideoTrends</string>
				<key>PRODUCT_NAME</key>
				<string>$(TARGET_NAME)</string>
				<key>SWIFT_OBJC_BRIDGING_HEADER</key>
				<string>TubeTrends/TubeTrends-Bridging-Header.h</string>
			</dict>
			<key>isa</key>
			<string>XCBuildConfiguration</string>
			<key>name</key>
			<string>Release</string>
		</dict>
		<key>60664D541C4BE06B00D2F8E4</key>
		<dict>
			<key>buildConfigurations</key>
			<array>
				<string>60664D551C4BE06B00D2F8E4</string>
				<string>60664D561C4BE06B00D2F8E4</string>
			</array>
			<key>defaultConfigurationIsVisible</key>
			<string>0</string>
			<key>defaultConfigurationName</key>
			<string>Release</string>
			<key>isa</key>
			<string>XCConfigurationList</string>
		</dict>
		<key>60664D551C4BE06B00D2F8E4</key>
		<dict>
			<key>buildSettings</key>
			<dict>
				<key>BUNDLE_LOADER</key>
				<string>$(TEST_HOST)</string>
				<key>INFOPLIST_FILE</key>
				<string>TubeTrendsTests/Info.plist</string>
				<key>LD_RUNPATH_SEARCH_PATHS</key>
				<string>$(inherited) @executable_path/Frameworks @loader_path/Frameworks</string>
				<key>PRODUCT_BUNDLE_IDENTIFIER</key>
				<string>mobi.v2t.ios.app.TubeTrendsTests</string>
				<key>PRODUCT_NAME</key>
				<string>$(TARGET_NAME)</string>
				<key>TEST_HOST</key>
				<string>$(BUILT_PRODUCTS_DIR)/TubeTrends.app/TubeTrends</string>
			</dict>
			<key>isa</key>
			<string>XCBuildConfiguration</string>
			<key>name</key>
			<string>Debug</string>
		</dict>
		<key>60664D561C4BE06B00D2F8E4</key>
		<dict>
			<key>buildSettings</key>
			<dict>
				<key>BUNDLE_LOADER</key>
				<string>$(TEST_HOST)</string>
				<key>INFOPLIST_FILE</key>
				<string>TubeTrendsTests/Info.plist</string>
				<key>LD_RUNPATH_SEARCH_PATHS</key>
				<string>$(inherited) @executable_path/Frameworks @loader_path/Frameworks</string>
				<key>PRODUCT_BUNDLE_IDENTIFIER</key>
				<string>mobi.v2t.ios.app.TubeTrendsTests</string>
				<key>PRODUCT_NAME</key>
				<string>$(TARGET_NAME)</string>
				<key>TEST_HOST</key>
				<string>$(BUILT_PRODUCTS_DIR)/TubeTrends.app/TubeTrends</string>
			</dict>
			<key>isa</key>
			<string>XCBuildConfiguration</string>
			<key>name</key>
			<string>Release</string>
		</dict>
		<key>606792A61C610B2900A71516</key>
		<dict>
			<key>children</key>
			<array>
				<string>606792A71C610B6700A71516</string>
				<string>606792A91C610C9100A71516</string>
			</array>
			<key>isa</key>
			<string>PBXGroup</string>
			<key>name</key>
			<string>PlaylistList</string>
			<key>sourceTree</key>
			<string>&lt;group&gt;</string>
		</dict>
		<key>606792A71C610B6700A71516</key>
		<dict>
			<key>fileEncoding</key>
			<string>4</string>
			<key>isa</key>
			<string>PBXFileReference</string>
			<key>lastKnownFileType</key>
			<string>sourcecode.swift</string>
			<key>name</key>
			<string>PlaylistListViewController.swift</string>
			<key>path</key>
			<string>PlaylistList/PlaylistListViewController.swift</string>
			<key>sourceTree</key>
			<string>&lt;group&gt;</string>
		</dict>
		<key>606792A81C610B6700A71516</key>
		<dict>
			<key>fileRef</key>
			<string>606792A71C610B6700A71516</string>
			<key>isa</key>
			<string>PBXBuildFile</string>
		</dict>
		<key>606792A91C610C9100A71516</key>
		<dict>
			<key>fileEncoding</key>
			<string>4</string>
			<key>isa</key>
			<string>PBXFileReference</string>
			<key>lastKnownFileType</key>
			<string>sourcecode.swift</string>
			<key>name</key>
			<string>PlaylistTableViewCell.swift</string>
			<key>path</key>
			<string>PlaylistList/PlaylistTableViewCell.swift</string>
			<key>sourceTree</key>
			<string>&lt;group&gt;</string>
		</dict>
		<key>606792AA1C610C9100A71516</key>
		<dict>
			<key>fileRef</key>
			<string>606792A91C610C9100A71516</string>
			<key>isa</key>
			<string>PBXBuildFile</string>
		</dict>
		<key>606CAD891C4E025B002CD770</key>
		<dict>
			<key>children</key>
			<array>
				<string>6090A24D1C7A0A3C00D282F1</string>
				<string>606CAD8A1C4E025B002CD770</string>
				<string>606CAD8B1C4E025B002CD770</string>
				<string>606CAD8C1C4E025B002CD770</string>
				<string>606CAD8D1C4E025B002CD770</string>
				<string>606CAD8E1C4E025B002CD770</string>
				<string>606CAD8F1C4E025B002CD770</string>
				<string>606CAD921C4E025B002CD770</string>
				<string>606CAD901C4E025B002CD770</string>
				<string>606CAD911C4E025B002CD770</string>
			</array>
			<key>isa</key>
			<string>PBXGroup</string>
			<key>path</key>
			<string>Common</string>
			<key>sourceTree</key>
			<string>&lt;group&gt;</string>
		</dict>
		<key>606CAD8A1C4E025B002CD770</key>
		<dict>
			<key>fileEncoding</key>
			<string>4</string>
			<key>isa</key>
			<string>PBXFileReference</string>
			<key>lastKnownFileType</key>
			<string>sourcecode.swift</string>
			<key>path</key>
			<string>V2TBackgroundGradientView.swift</string>
			<key>sourceTree</key>
			<string>&lt;group&gt;</string>
		</dict>
		<key>606CAD8B1C4E025B002CD770</key>
		<dict>
			<key>fileEncoding</key>
			<string>4</string>
			<key>isa</key>
			<string>PBXFileReference</string>
			<key>lastKnownFileType</key>
			<string>sourcecode.swift</string>
			<key>path</key>
			<string>V2TCollectionViewController.swift</string>
			<key>sourceTree</key>
			<string>&lt;group&gt;</string>
		</dict>
		<key>606CAD8C1C4E025B002CD770</key>
		<dict>
			<key>fileEncoding</key>
			<string>4</string>
			<key>isa</key>
			<string>PBXFileReference</string>
			<key>lastKnownFileType</key>
			<string>sourcecode.swift</string>
			<key>path</key>
			<string>V2TEmptySegue.swift</string>
			<key>sourceTree</key>
			<string>&lt;group&gt;</string>
		</dict>
		<key>606CAD8D1C4E025B002CD770</key>
		<dict>
			<key>fileEncoding</key>
			<string>4</string>
			<key>isa</key>
			<string>PBXFileReference</string>
			<key>lastKnownFileType</key>
			<string>sourcecode.swift</string>
			<key>path</key>
			<string>V2TNavigationController.swift</string>
			<key>sourceTree</key>
			<string>&lt;group&gt;</string>
		</dict>
		<key>606CAD8E1C4E025B002CD770</key>
		<dict>
			<key>fileEncoding</key>
			<string>4</string>
			<key>isa</key>
			<string>PBXFileReference</string>
			<key>lastKnownFileType</key>
			<string>sourcecode.swift</string>
			<key>path</key>
			<string>V2TOverlayViewController.swift</string>
			<key>sourceTree</key>
			<string>&lt;group&gt;</string>
		</dict>
		<key>606CAD8F1C4E025B002CD770</key>
		<dict>
			<key>fileEncoding</key>
			<string>4</string>
			<key>isa</key>
			<string>PBXFileReference</string>
			<key>lastKnownFileType</key>
			<string>sourcecode.swift</string>
			<key>path</key>
			<string>V2TReachability.swift</string>
			<key>sourceTree</key>
			<string>&lt;group&gt;</string>
		</dict>
		<key>606CAD901C4E025B002CD770</key>
		<dict>
			<key>fileEncoding</key>
			<string>4</string>
			<key>isa</key>
			<string>PBXFileReference</string>
			<key>lastKnownFileType</key>
			<string>sourcecode.swift</string>
			<key>path</key>
			<string>V2TTableView.swift</string>
			<key>sourceTree</key>
			<string>&lt;group&gt;</string>
		</dict>
		<key>606CAD911C4E025B002CD770</key>
		<dict>
			<key>fileEncoding</key>
			<string>4</string>
			<key>isa</key>
			<string>PBXFileReference</string>
			<key>lastKnownFileType</key>
			<string>sourcecode.swift</string>
			<key>path</key>
			<string>V2TTableViewController.swift</string>
			<key>sourceTree</key>
			<string>&lt;group&gt;</string>
		</dict>
		<key>606CAD921C4E025B002CD770</key>
		<dict>
			<key>fileEncoding</key>
			<string>4</string>
			<key>isa</key>
			<string>PBXFileReference</string>
			<key>lastKnownFileType</key>
			<string>sourcecode.swift</string>
			<key>path</key>
			<string>V2TViewController.swift</string>
			<key>sourceTree</key>
			<string>&lt;group&gt;</string>
		</dict>
		<key>606CAD931C4E025B002CD770</key>
		<dict>
			<key>fileRef</key>
			<string>606CAD8A1C4E025B002CD770</string>
			<key>isa</key>
			<string>PBXBuildFile</string>
		</dict>
		<key>606CAD941C4E025B002CD770</key>
		<dict>
			<key>fileRef</key>
			<string>606CAD8B1C4E025B002CD770</string>
			<key>isa</key>
			<string>PBXBuildFile</string>
		</dict>
		<key>606CAD951C4E025B002CD770</key>
		<dict>
			<key>fileRef</key>
			<string>606CAD8C1C4E025B002CD770</string>
			<key>isa</key>
			<string>PBXBuildFile</string>
		</dict>
		<key>606CAD961C4E025B002CD770</key>
		<dict>
			<key>fileRef</key>
			<string>606CAD8D1C4E025B002CD770</string>
			<key>isa</key>
			<string>PBXBuildFile</string>
		</dict>
		<key>606CAD971C4E025B002CD770</key>
		<dict>
			<key>fileRef</key>
			<string>606CAD8E1C4E025B002CD770</string>
			<key>isa</key>
			<string>PBXBuildFile</string>
		</dict>
		<key>606CAD981C4E025B002CD770</key>
		<dict>
			<key>fileRef</key>
			<string>606CAD8F1C4E025B002CD770</string>
			<key>isa</key>
			<string>PBXBuildFile</string>
		</dict>
		<key>606CAD991C4E025B002CD770</key>
		<dict>
			<key>fileRef</key>
			<string>606CAD901C4E025B002CD770</string>
			<key>isa</key>
			<string>PBXBuildFile</string>
		</dict>
		<key>606CAD9A1C4E025B002CD770</key>
		<dict>
			<key>fileRef</key>
			<string>606CAD911C4E025B002CD770</string>
			<key>isa</key>
			<string>PBXBuildFile</string>
		</dict>
		<key>606CAD9B1C4E025B002CD770</key>
		<dict>
			<key>fileRef</key>
			<string>606CAD921C4E025B002CD770</string>
			<key>isa</key>
			<string>PBXBuildFile</string>
		</dict>
		<key>606CAD9C1C4E3B3A002CD770</key>
		<dict>
			<key>children</key>
			<array>
				<string>6090A2471C79CBFA00D282F1</string>
				<string>606CAD9D1C4E3B61002CD770</string>
				<string>606CAD9F1C4E3EF0002CD770</string>
				<string>606CADA11C4E3FCF002CD770</string>
				<string>606CADA61C4E4437002CD770</string>
			</array>
			<key>isa</key>
			<string>PBXGroup</string>
			<key>name</key>
			<string>Models</string>
			<key>sourceTree</key>
			<string>&lt;group&gt;</string>
		</dict>
		<key>606CAD9D1C4E3B61002CD770</key>
		<dict>
			<key>fileEncoding</key>
			<string>4</string>
			<key>isa</key>
			<string>PBXFileReference</string>
			<key>lastKnownFileType</key>
			<string>sourcecode.swift</string>
			<key>name</key>
			<string>Item.swift</string>
			<key>path</key>
			<string>Models/Item.swift</string>
			<key>sourceTree</key>
			<string>&lt;group&gt;</string>
		</dict>
		<key>606CAD9E1C4E3B61002CD770</key>
		<dict>
			<key>fileRef</key>
			<string>606CAD9D1C4E3B61002CD770</string>
			<key>isa</key>
			<string>PBXBuildFile</string>
		</dict>
		<key>606CAD9F1C4E3EF0002CD770</key>
		<dict>
			<key>fileEncoding</key>
			<string>4</string>
			<key>isa</key>
			<string>PBXFileReference</string>
			<key>lastKnownFileType</key>
			<string>sourcecode.swift</string>
			<key>name</key>
			<string>Image.swift</string>
			<key>path</key>
			<string>Models/Image.swift</string>
			<key>sourceTree</key>
			<string>&lt;group&gt;</string>
		</dict>
		<key>606CADA01C4E3EF0002CD770</key>
		<dict>
			<key>fileRef</key>
			<string>606CAD9F1C4E3EF0002CD770</string>
			<key>isa</key>
			<string>PBXBuildFile</string>
		</dict>
		<key>606CADA11C4E3FCF002CD770</key>
		<dict>
			<key>fileEncoding</key>
			<string>4</string>
			<key>isa</key>
			<string>PBXFileReference</string>
			<key>lastKnownFileType</key>
			<string>sourcecode.swift</string>
			<key>name</key>
			<string>Thumbnail.swift</string>
			<key>path</key>
			<string>Models/Thumbnail.swift</string>
			<key>sourceTree</key>
			<string>&lt;group&gt;</string>
		</dict>
		<key>606CADA21C4E3FCF002CD770</key>
		<dict>
			<key>fileRef</key>
			<string>606CADA11C4E3FCF002CD770</string>
			<key>isa</key>
			<string>PBXBuildFile</string>
		</dict>
		<key>606CADA31C4E40C7002CD770</key>
		<dict>
			<key>children</key>
			<array>
				<string>606CADA41C4E4115002CD770</string>
			</array>
			<key>isa</key>
			<string>PBXGroup</string>
			<key>name</key>
			<string>YTAPI</string>
			<key>sourceTree</key>
			<string>&lt;group&gt;</string>
		</dict>
		<key>606CADA41C4E4115002CD770</key>
		<dict>
			<key>fileEncoding</key>
			<string>4</string>
			<key>isa</key>
			<string>PBXFileReference</string>
			<key>lastKnownFileType</key>
			<string>sourcecode.swift</string>
			<key>name</key>
			<string>YTAPI.swift</string>
			<key>path</key>
			<string>YTAPI/YTAPI.swift</string>
			<key>sourceTree</key>
			<string>&lt;group&gt;</string>
		</dict>
		<key>606CADA51C4E4115002CD770</key>
		<dict>
			<key>fileRef</key>
			<string>606CADA41C4E4115002CD770</string>
			<key>isa</key>
			<string>PBXBuildFile</string>
		</dict>
		<key>606CADA61C4E4437002CD770</key>
		<dict>
			<key>fileEncoding</key>
			<string>4</string>
			<key>isa</key>
			<string>PBXFileReference</string>
			<key>lastKnownFileType</key>
			<string>sourcecode.swift</string>
			<key>name</key>
			<string>Items.swift</string>
			<key>path</key>
			<string>Models/Items.swift</string>
			<key>sourceTree</key>
			<string>&lt;group&gt;</string>
		</dict>
		<key>606CADA71C4E4437002CD770</key>
		<dict>
			<key>fileRef</key>
			<string>606CADA61C4E4437002CD770</string>
			<key>isa</key>
			<string>PBXBuildFile</string>
		</dict>
		<key>606F66181C4E805500D69055</key>
		<dict>
			<key>children</key>
			<array>
				<string>606F661B1C4E809F00D69055</string>
				<string>606F66191C4E808600D69055</string>
			</array>
			<key>isa</key>
			<string>PBXGroup</string>
			<key>name</key>
			<string>VideoList</string>
			<key>sourceTree</key>
			<string>&lt;group&gt;</string>
		</dict>
		<key>606F66191C4E808600D69055</key>
		<dict>
			<key>fileEncoding</key>
			<string>4</string>
			<key>isa</key>
			<string>PBXFileReference</string>
			<key>lastKnownFileType</key>
			<string>sourcecode.swift</string>
			<key>name</key>
			<string>VideoListViewController.swift</string>
			<key>path</key>
			<string>VideoList/VideoListViewController.swift</string>
			<key>sourceTree</key>
			<string>&lt;group&gt;</string>
		</dict>
		<key>606F661A1C4E808600D69055</key>
		<dict>
			<key>fileRef</key>
			<string>606F66191C4E808600D69055</string>
			<key>isa</key>
			<string>PBXBuildFile</string>
		</dict>
		<key>606F661B1C4E809F00D69055</key>
		<dict>
			<key>fileEncoding</key>
			<string>4</string>
			<key>isa</key>
			<string>PBXFileReference</string>
			<key>lastKnownFileType</key>
			<string>sourcecode.swift</string>
			<key>name</key>
			<string>VideoTableViewCell.swift</string>
			<key>path</key>
			<string>VideoList/VideoTableViewCell.swift</string>
			<key>sourceTree</key>
			<string>&lt;group&gt;</string>
		</dict>
		<key>606F661C1C4E809F00D69055</key>
		<dict>
			<key>fileRef</key>
			<string>606F661B1C4E809F00D69055</string>
			<key>isa</key>
			<string>PBXBuildFile</string>
		</dict>
		<key>608216F71C7484F900B3DC2C</key>
		<dict>
			<key>fileEncoding</key>
			<string>4</string>
			<key>isa</key>
			<string>PBXFileReference</string>
			<key>lastKnownFileType</key>
			<string>sourcecode.swift</string>
			<key>path</key>
			<string>CreateNewPlaylistViewController.swift</string>
			<key>sourceTree</key>
			<string>&lt;group&gt;</string>
		</dict>
		<key>608216F81C7484F900B3DC2C</key>
		<dict>
			<key>fileRef</key>
			<string>608216F71C7484F900B3DC2C</string>
			<key>isa</key>
			<string>PBXBuildFile</string>
		</dict>
		<key>608216F91C748D8E00B3DC2C</key>
		<dict>
			<key>children</key>
			<array>
				<string>608216FA1C748DD400B3DC2C</string>
			</array>
			<key>isa</key>
			<string>PBXGroup</string>
			<key>name</key>
			<string>CreatedPlaylistList</string>
			<key>sourceTree</key>
			<string>&lt;group&gt;</string>
		</dict>
		<key>608216FA1C748DD400B3DC2C</key>
		<dict>
			<key>fileEncoding</key>
			<string>4</string>
			<key>isa</key>
			<string>PBXFileReference</string>
			<key>lastKnownFileType</key>
			<string>sourcecode.swift</string>
			<key>name</key>
			<string>CreatedPlaylistTableViewController.swift</string>
			<key>path</key>
			<string>CreatedPlaylistList/CreatedPlaylistTableViewController.swift</string>
			<key>sourceTree</key>
			<string>&lt;group&gt;</string>
		</dict>
		<key>608216FB1C748DD400B3DC2C</key>
		<dict>
			<key>fileRef</key>
			<string>608216FA1C748DD400B3DC2C</string>
			<key>isa</key>
			<string>PBXBuildFile</string>
		</dict>
		<key>6090A23B1C799D9E00D282F1</key>
		<dict>
			<key>fileEncoding</key>
			<string>4</string>
			<key>isa</key>
			<string>PBXFileReference</string>
			<key>lastKnownFileType</key>
			<string>sourcecode.swift</string>
			<key>path</key>
			<string>Array+RandomElement.swift</string>
			<key>sourceTree</key>
			<string>&lt;group&gt;</string>
		</dict>
		<key>6090A23C1C799D9E00D282F1</key>
		<dict>
			<key>fileRef</key>
			<string>6090A23B1C799D9E00D282F1</string>
			<key>isa</key>
			<string>PBXBuildFile</string>
		</dict>
		<key>6090A23D1C79A08400D282F1</key>
		<dict>
			<key>children</key>
			<array>
				<string>6090A2401C79A31F00D282F1</string>
				<string>6090A23E1C79A0B100D282F1</string>
			</array>
			<key>isa</key>
			<string>PBXGroup</string>
			<key>name</key>
			<string>Settings</string>
			<key>sourceTree</key>
			<string>&lt;group&gt;</string>
		</dict>
		<key>6090A23E1C79A0B100D282F1</key>
		<dict>
			<key>fileEncoding</key>
			<string>4</string>
			<key>isa</key>
			<string>PBXFileReference</string>
			<key>lastKnownFileType</key>
			<string>sourcecode.swift</string>
			<key>name</key>
			<string>SettingsViewController.swift</string>
			<key>path</key>
			<string>Settings/SettingsViewController.swift</string>
			<key>sourceTree</key>
			<string>&lt;group&gt;</string>
		</dict>
		<key>6090A23F1C79A0B100D282F1</key>
		<dict>
			<key>fileRef</key>
			<string>6090A23E1C79A0B100D282F1</string>
			<key>isa</key>
			<string>PBXBuildFile</string>
		</dict>
		<key>6090A2401C79A31F00D282F1</key>
		<dict>
			<key>fileEncoding</key>
			<string>4</string>
			<key>isa</key>
			<string>PBXFileReference</string>
			<key>lastKnownFileType</key>
			<string>sourcecode.swift</string>
			<key>name</key>
			<string>SwitchBoolTableViewCell.swift</string>
			<key>path</key>
			<string>Settings/SwitchBoolTableViewCell.swift</string>
			<key>sourceTree</key>
			<string>&lt;group&gt;</string>
		</dict>
		<key>6090A2411C79A31F00D282F1</key>
		<dict>
			<key>fileRef</key>
			<string>6090A2401C79A31F00D282F1</string>
			<key>isa</key>
			<string>PBXBuildFile</string>
		</dict>
		<key>6090A2421C79CB9F00D282F1</key>
		<dict>
			<key>children</key>
			<array>
				<string>6090A2431C79CB9F00D282F1</string>
				<string>6090A2441C79CB9F00D282F1</string>
			</array>
			<key>isa</key>
			<string>PBXGroup</string>
			<key>path</key>
			<string>MoreApps</string>
			<key>sourceTree</key>
			<string>&lt;group&gt;</string>
		</dict>
		<key>6090A2431C79CB9F00D282F1</key>
		<dict>
			<key>fileEncoding</key>
			<string>4</string>
			<key>isa</key>
			<string>PBXFileReference</string>
			<key>lastKnownFileType</key>
			<string>sourcecode.swift</string>
			<key>path</key>
			<string>AppItemTableViewCell.swift</string>
			<key>sourceTree</key>
			<string>&lt;group&gt;</string>
		</dict>
		<key>6090A2441C79CB9F00D282F1</key>
		<dict>
			<key>fileEncoding</key>
			<string>4</string>
			<key>isa</key>
			<string>PBXFileReference</string>
			<key>lastKnownFileType</key>
			<string>sourcecode.swift</string>
			<key>path</key>
			<string>MoreAppsViewController.swift</string>
			<key>sourceTree</key>
			<string>&lt;group&gt;</string>
		</dict>
		<key>6090A2451C79CB9F00D282F1</key>
		<dict>
			<key>fileRef</key>
			<string>6090A2431C79CB9F00D282F1</string>
			<key>isa</key>
			<string>PBXBuildFile</string>
		</dict>
		<key>6090A2461C79CB9F00D282F1</key>
		<dict>
			<key>fileRef</key>
			<string>6090A2441C79CB9F00D282F1</string>
			<key>isa</key>
			<string>PBXBuildFile</string>
		</dict>
		<key>6090A2471C79CBFA00D282F1</key>
		<dict>
			<key>fileEncoding</key>
			<string>4</string>
			<key>isa</key>
			<string>PBXFileReference</string>
			<key>lastKnownFileType</key>
			<string>sourcecode.swift</string>
			<key>name</key>
			<string>AppItem.swift</string>
			<key>path</key>
			<string>Models/AppItem.swift</string>
			<key>sourceTree</key>
			<string>&lt;group&gt;</string>
		</dict>
		<key>6090A2481C79CBFA00D282F1</key>
		<dict>
			<key>fileRef</key>
			<string>6090A2471C79CBFA00D282F1</string>
			<key>isa</key>
			<string>PBXBuildFile</string>
		</dict>
		<key>6090A24B1C79EFE800D282F1</key>
		<dict>
			<key>fileEncoding</key>
			<string>4</string>
			<key>isa</key>
			<string>PBXFileReference</string>
			<key>lastKnownFileType</key>
			<string>sourcecode.swift</string>
			<key>path</key>
			<string>LoadingViewController.swift</string>
			<key>sourceTree</key>
			<string>&lt;group&gt;</string>
		</dict>
		<key>6090A24C1C79EFE800D282F1</key>
		<dict>
			<key>fileRef</key>
			<string>6090A24B1C79EFE800D282F1</string>
			<key>isa</key>
			<string>PBXBuildFile</string>
		</dict>
		<key>6090A24D1C7A0A3C00D282F1</key>
		<dict>
			<key>fileEncoding</key>
			<string>4</string>
			<key>isa</key>
			<string>PBXFileReference</string>
			<key>lastKnownFileType</key>
			<string>sourcecode.swift</string>
			<key>path</key>
			<string>V2TWebViewController.swift</string>
			<key>sourceTree</key>
			<string>&lt;group&gt;</string>
		</dict>
		<key>6090A24E1C7A0A3C00D282F1</key>
		<dict>
			<key>fileRef</key>
			<string>6090A24D1C7A0A3C00D282F1</string>
			<key>isa</key>
			<string>PBXBuildFile</string>
		</dict>
		<key>6099E35D1C5A14470029A388</key>
		<dict>
			<key>children</key>
			<array>
				<string>6099E35E1C5A14B70029A388</string>
			</array>
			<key>isa</key>
			<string>PBXGroup</string>
			<key>name</key>
			<string>Personal</string>
			<key>sourceTree</key>
			<string>&lt;group&gt;</string>
		</dict>
		<key>6099E35E1C5A14B70029A388</key>
		<dict>
			<key>fileEncoding</key>
			<string>4</string>
			<key>isa</key>
			<string>PBXFileReference</string>
			<key>lastKnownFileType</key>
			<string>sourcecode.swift</string>
			<key>name</key>
			<string>PersonalMenuViewController.swift</string>
			<key>path</key>
			<string>Personal/PersonalMenuViewController.swift</string>
			<key>sourceTree</key>
			<string>&lt;group&gt;</string>
		</dict>
		<key>6099E35F1C5A14B70029A388</key>
		<dict>
			<key>fileRef</key>
			<string>6099E35E1C5A14B70029A388</string>
			<key>isa</key>
			<string>PBXBuildFile</string>
		</dict>
		<key>60C22F5C1C721D1800E7E75C</key>
		<dict>
			<key>fileEncoding</key>
			<string>4</string>
			<key>isa</key>
			<string>PBXFileReference</string>
			<key>lastKnownFileType</key>
			<string>sourcecode.swift</string>
			<key>path</key>
			<string>SearchViewController.swift</string>
			<key>sourceTree</key>
			<string>&lt;group&gt;</string>
		</dict>
		<key>60C22F5D1C721D1800E7E75C</key>
		<dict>
			<key>fileRef</key>
			<string>60C22F5C1C721D1800E7E75C</string>
			<key>isa</key>
			<string>PBXBuildFile</string>
		</dict>
		<key>60C22F5E1C7375A500E7E75C</key>
		<dict>
			<key>children</key>
			<array>
				<string>60C22F5F1C7375D300E7E75C</string>
				<string>60C22F611C7375EF00E7E75C</string>
			</array>
			<key>isa</key>
			<string>PBXGroup</string>
			<key>name</key>
			<string>ChannelList</string>
			<key>sourceTree</key>
			<string>&lt;group&gt;</string>
		</dict>
		<key>60C22F5F1C7375D300E7E75C</key>
		<dict>
			<key>fileEncoding</key>
			<string>4</string>
			<key>isa</key>
			<string>PBXFileReference</string>
			<key>lastKnownFileType</key>
			<string>sourcecode.swift</string>
			<key>name</key>
			<string>ChannelListViewController.swift</string>
			<key>path</key>
			<string>ChannelList/ChannelListViewController.swift</string>
			<key>sourceTree</key>
			<string>&lt;group&gt;</string>
		</dict>
		<key>60C22F601C7375D300E7E75C</key>
		<dict>
			<key>fileRef</key>
			<string>60C22F5F1C7375D300E7E75C</string>
			<key>isa</key>
			<string>PBXBuildFile</string>
		</dict>
		<key>60C22F611C7375EF00E7E75C</key>
		<dict>
			<key>fileEncoding</key>
			<string>4</string>
			<key>isa</key>
			<string>PBXFileReference</string>
			<key>lastKnownFileType</key>
			<string>sourcecode.swift</string>
			<key>name</key>
			<string>ChannelTableViewCell.swift</string>
			<key>path</key>
			<string>ChannelList/ChannelTableViewCell.swift</string>
			<key>sourceTree</key>
			<string>&lt;group&gt;</string>
		</dict>
		<key>60C22F621C7375EF00E7E75C</key>
		<dict>
			<key>fileRef</key>
			<string>60C22F611C7375EF00E7E75C</string>
			<key>isa</key>
			<string>PBXBuildFile</string>
		</dict>
		<key>788CD8FE1725E5783F651D8B</key>
		<dict>
			<key>buildActionMask</key>
			<string>2147483647</string>
			<key>files</key>
			<array/>
			<key>inputPaths</key>
			<array/>
			<key>isa</key>
			<string>PBXShellScriptBuildPhase</string>
			<key>name</key>
			<string>Copy Pods Resources</string>
			<key>outputPaths</key>
			<array/>
			<key>runOnlyForDeploymentPostprocessing</key>
			<string>0</string>
			<key>shellPath</key>
			<string>/bin/sh</string>
			<key>shellScript</key>
			<string>"${SRCROOT}/Pods/Target Support Files/Pods-TubeTrends/Pods-TubeTrends-resources.sh"
</string>
			<key>showEnvVarsInLog</key>
			<string>0</string>
		</dict>
		<key>87205029697D7AEB2484F7A5</key>
		<dict>
			<key>buildActionMask</key>
			<string>2147483647</string>
			<key>files</key>
			<array/>
			<key>inputPaths</key>
			<array/>
			<key>isa</key>
			<string>PBXShellScriptBuildPhase</string>
			<key>name</key>
			<string>Check Pods Manifest.lock</string>
			<key>outputPaths</key>
			<array/>
			<key>runOnlyForDeploymentPostprocessing</key>
			<string>0</string>
			<key>shellPath</key>
			<string>/bin/sh</string>
			<key>shellScript</key>
			<string>diff "${PODS_ROOT}/../Podfile.lock" "${PODS_ROOT}/Manifest.lock" &gt; /dev/null
if [[ $? != 0 ]] ; then
    cat &lt;&lt; EOM
error: The sandbox is not in sync with the Podfile.lock. Run 'pod install' or update your CocoaPods installation.
EOM
    exit 1
fi
</string>
			<key>showEnvVarsInLog</key>
			<string>0</string>
		</dict>
		<key>929CFB70C70EECB3CCE5EADE</key>
		<dict>
			<key>includeInIndex</key>
			<string>1</string>
			<key>isa</key>
			<string>PBXFileReference</string>
			<key>lastKnownFileType</key>
			<string>text.xcconfig</string>
			<key>name</key>
			<string>Pods-TubeTrends.debug.xcconfig</string>
			<key>path</key>
			<string>Pods/Target Support Files/Pods-TubeTrends/Pods-TubeTrends.debug.xcconfig</string>
			<key>sourceTree</key>
			<string>&lt;group&gt;</string>
		</dict>
		<key>963C8CDE9E2AC9461B3DF4F5</key>
		<dict>
			<key>buildActionMask</key>
			<string>2147483647</string>
			<key>files</key>
			<array/>
			<key>inputPaths</key>
			<array/>
			<key>isa</key>
			<string>PBXShellScriptBuildPhase</string>
			<key>name</key>
			<string>Embed Pods Frameworks</string>
			<key>outputPaths</key>
			<array/>
			<key>runOnlyForDeploymentPostprocessing</key>
			<string>0</string>
			<key>shellPath</key>
			<string>/bin/sh</string>
			<key>shellScript</key>
			<string>"${SRCROOT}/Pods/Target Support Files/Pods-TubeTrends/Pods-TubeTrends-frameworks.sh"
</string>
			<key>showEnvVarsInLog</key>
			<string>0</string>
		</dict>
		<key>AFE177829433B548DDB5F16C</key>
		<dict>
			<key>children</key>
			<array>
				<string>929CFB70C70EECB3CCE5EADE</string>
				<string>E9292D542666793BD5B3A1BE</string>
			</array>
			<key>isa</key>
			<string>PBXGroup</string>
			<key>name</key>
			<string>Pods</string>
			<key>sourceTree</key>
			<string>&lt;group&gt;</string>
		</dict>
		<key>D2C47310870EB66BBE5DE4E7</key>
		<dict>
			<key>fileRef</key>
			<string>4F8674A5201A345DD7796FD1</string>
			<key>isa</key>
			<string>PBXBuildFile</string>
		</dict>
		<key>E9292D542666793BD5B3A1BE</key>
		<dict>
			<key>includeInIndex</key>
			<string>1</string>
			<key>isa</key>
			<string>PBXFileReference</string>
			<key>lastKnownFileType</key>
			<string>text.xcconfig</string>
			<key>name</key>
			<string>Pods-TubeTrends.release.xcconfig</string>
			<key>path</key>
			<string>Pods/Target Support Files/Pods-TubeTrends/Pods-TubeTrends.release.xcconfig</string>
			<key>sourceTree</key>
			<string>&lt;group&gt;</string>
		</dict>
	</dict>
	<key>rootObject</key>
	<string>60664D2C1C4BE06A00D2F8E4</string>
</dict>
</plist>
